
Microsoft Visual Studio Solution File, Format Version 12.00
# Visual Studio Version 16
VisualStudioVersion = 16.0.29709.97
MinimumVisualStudioVersion = 10.0.40219.1
Project("{FAE04EC0-301F-11D3-BF4B-00C04F79EFBC}") = "Library1", "Library1\Library1.csproj", "{37243488-5D7C-468E-AD94-65CACC73B4A9}"
EndProject
Project("{FAE04EC0-301F-11D3-BF4B-00C04F79EFBC}") = "ConsoleApp1", "ConsoleApp1\ConsoleApp1.csproj", "{E17904BA-4034-4533-8484-00389C22D422}"
EndProject
Project("{FAE04EC0-301F-11D3-BF4B-00C04F79EFBC}") = "CurNumberUnitTest", "CurNumberUnitTest\CurNumberUnitTest.csproj", "{44C78FD9-20FC-4C11-A9BF-9B0041698186}"
EndProject
Global
	GlobalSection(SolutionConfigurationPlatforms) = preSolution
		Debug|Any CPU = Debug|Any CPU
		Release|Any CPU = Release|Any CPU
	EndGlobalSection
	GlobalSection(ProjectConfigurationPlatforms) = postSolution
		{37243488-5D7C-468E-AD94-65CACC73B4A9}.Debug|Any CPU.ActiveCfg = Debug|Any CPU
		{37243488-5D7C-468E-AD94-65CACC73B4A9}.Debug|Any CPU.Build.0 = Debug|Any CPU
		{37243488-5D7C-468E-AD94-65CACC73B4A9}.Release|Any CPU.ActiveCfg = Release|Any CPU
		{37243488-5D7C-468E-AD94-65CACC73B4A9}.Release|Any CPU.Build.0 = Release|Any CPU
		{E17904BA-4034-4533-8484-00389C22D422}.Debug|Any CPU.ActiveCfg = Debug|Any CPU
		{E17904BA-4034-4533-8484-00389C22D422}.Debug|Any CPU.Build.0 = Debug|Any CPU
		{E17904BA-4034-4533-8484-00389C22D422}.Release|Any CPU.ActiveCfg = Release|Any CPU
		{E17904BA-4034-4533-8484-00389C22D422}.Release|Any CPU.Build.0 = Release|Any CPU
		{44C78FD9-20FC-4C11-A9BF-9B0041698186}.Debug|Any CPU.ActiveCfg = Debug|Any CPU
		{44C78FD9-20FC-4C11-A9BF-9B0041698186}.Debug|Any CPU.Build.0 = Debug|Any CPU
		{44C78FD9-20FC-4C11-A9BF-9B0041698186}.Release|Any CPU.ActiveCfg = Release|Any CPU
		{44C78FD9-20FC-4C11-A9BF-9B0041698186}.Release|Any CPU.Build.0 = Release|Any CPU
	EndGlobalSection
	GlobalSection(SolutionProperties) = preSolution
		HideSolutionNode = FALSE
	EndGlobalSection
	GlobalSection(ExtensibilityGlobals) = postSolution
		SolutionGuid = {0DF2A408-30F6-44E7-A2FC-9BC2CB6DED88}
	EndGlobalSection
EndGlobal
